
Microsoft Visual Studio Solution File, Format Version 12.00
# Visual Studio Version 16
VisualStudioVersion = 16.0.30128.74
MinimumVisualStudioVersion = 10.0.40219.1
Project("{00D1A9C2-B5F0-4AF3-8072-F6C62B433612}") = "WideWorldImporters", "WideWorldImporters\WideWorldImporters.sqlproj", "{6413DE79-9F14-49AA-85D9-EC81B177EBED}"
EndProject
Project("{00D1A9C2-B5F0-4AF3-8072-F6C62B433612}") = "WideWorldImportersDW", "WideWorldImportersDW\WideWorldImportersDW.sqlproj", "{064487C5-3979-4390-A9FB-897EE421CB80}"
EndProject
Global
	GlobalSection(SolutionConfigurationPlatforms) = preSolution
		Debug|Any CPU = Debug|Any CPU
		Release|Any CPU = Release|Any CPU
	EndGlobalSection
	GlobalSection(ProjectConfigurationPlatforms) = postSolution
		{6413DE79-9F14-49AA-85D9-EC81B177EBED}.Debug|Any CPU.ActiveCfg = Debug|Any CPU
		{6413DE79-9F14-49AA-85D9-EC81B177EBED}.Debug|Any CPU.Build.0 = Debug|Any CPU
		{6413DE79-9F14-49AA-85D9-EC81B177EBED}.Debug|Any CPU.Deploy.0 = Debug|Any CPU
		{6413DE79-9F14-49AA-85D9-EC81B177EBED}.Release|Any CPU.ActiveCfg = Release|Any CPU
		{6413DE79-9F14-49AA-85D9-EC81B177EBED}.Release|Any CPU.Build.0 = Release|Any CPU
		{6413DE79-9F14-49AA-85D9-EC81B177EBED}.Release|Any CPU.Deploy.0 = Release|Any CPU
		{064487C5-3979-4390-A9FB-897EE421CB80}.Debug|Any CPU.ActiveCfg = Debug|Any CPU
		{064487C5-3979-4390-A9FB-897EE421CB80}.Debug|Any CPU.Build.0 = Debug|Any CPU
		{064487C5-3979-4390-A9FB-897EE421CB80}.Debug|Any CPU.Deploy.0 = Debug|Any CPU
		{064487C5-3979-4390-A9FB-897EE421CB80}.Release|Any CPU.ActiveCfg = Release|Any CPU
		{064487C5-3979-4390-A9FB-897EE421CB80}.Release|Any CPU.Build.0 = Release|Any CPU
		{064487C5-3979-4390-A9FB-897EE421CB80}.Release|Any CPU.Deploy.0 = Release|Any CPU
	EndGlobalSection
	GlobalSection(SolutionProperties) = preSolution
		HideSolutionNode = FALSE
	EndGlobalSection
	GlobalSection(ExtensibilityGlobals) = postSolution
		SolutionGuid = {475CAD9E-8D40-4144-9608-BF65D09EA0C3}
	EndGlobalSection
EndGlobal
