
Microsoft Visual Studio Solution File, Format Version 12.00
# Visual Studio Version 16
VisualStudioVersion = 16.0.30128.74
MinimumVisualStudioVersion = 10.0.40219.1
Project("{00D1A9C2-B5F0-4AF3-8072-F6C62B433612}") = "FirstDatabase", "FirstDatabase\FirstDatabase.sqlproj", "{C237BAD8-5427-4CC6-97B5-2198DCDE45B8}"
EndProject
Global
	GlobalSection(SolutionConfigurationPlatforms) = preSolution
		Debug|Any CPU = Debug|Any CPU
		Release|Any CPU = Release|Any CPU
	EndGlobalSection
	GlobalSection(ProjectConfigurationPlatforms) = postSolution
		{C237BAD8-5427-4CC6-97B5-2198DCDE45B8}.Debug|Any CPU.ActiveCfg = Debug|Any CPU
		{C237BAD8-5427-4CC6-97B5-2198DCDE45B8}.Debug|Any CPU.Build.0 = Debug|Any CPU
		{C237BAD8-5427-4CC6-97B5-2198DCDE45B8}.Debug|Any CPU.Deploy.0 = Debug|Any CPU
		{C237BAD8-5427-4CC6-97B5-2198DCDE45B8}.Release|Any CPU.ActiveCfg = Release|Any CPU
		{C237BAD8-5427-4CC6-97B5-2198DCDE45B8}.Release|Any CPU.Build.0 = Release|Any CPU
		{C237BAD8-5427-4CC6-97B5-2198DCDE45B8}.Release|Any CPU.Deploy.0 = Release|Any CPU
	EndGlobalSection
	GlobalSection(SolutionProperties) = preSolution
		HideSolutionNode = FALSE
	EndGlobalSection
	GlobalSection(ExtensibilityGlobals) = postSolution
		SolutionGuid = {68CEFB74-467B-46AC-963E-8365081E6EC9}
	EndGlobalSection
EndGlobal
